{
  "originHash" : "1f04b8270fcbbf5e12a2ab484105790eece0fc1cf75f42496778aad519d3e5f3",
  "pins" : [
    {
      "identity" : "wwtipview",
      "kind" : "remoteSourceControl",
      "location" : "https://github.com/William-Weng/WWTipView",
      "state" : {
        "revision" : "f734405774b77c65a3bcfa86efaca02d5e428fa8",
        "version" : "1.1.2"
      }
    }
  ],
  "version" : 3
}
