{
  "originHash" : "1f04b8270fcbbf5e12a2ab484105790eece0fc1cf75f42496778aad519d3e5f3",
  "pins" : [
    {
      "identity" : "wwtipview",
      "kind" : "remoteSourceControl",
      "location" : "https://github.com/William-Weng/WWTipView",
      "state" : {
        "revision" : "32fefdaac42054f1d747c4b90b4c2d81483c9f43",
        "version" : "1.0.2"
      }
    }
  ],
  "version" : 3
}
